
Microsoft Visual Studio Solution File, Format Version 12.00
# Visual Studio Version 17
VisualStudioVersion = 17.2.32630.192
MinimumVisualStudioVersion = 10.0.40219.1
Project("{9A19103F-16F7-4668-BE54-9A1E7A4F7556}") = "Cake.grate", "Cake.grate\Cake.grate.csproj", "{7268E20B-A4E9-422F-9C24-078081FFD579}"
EndProject
Project("{FAE04EC0-301F-11D3-BF4B-00C04F79EFBC}") = "Cake.grate.Tests", "Cake.grate.Tests\Cake.grate.Tests.csproj", "{E92EB819-E8CD-4CE8-9B8B-BFC2ED9626D8}"
EndProject
Global
	GlobalSection(SolutionConfigurationPlatforms) = preSolution
		Debug|Any CPU = Debug|Any CPU
		Release|Any CPU = Release|Any CPU
	EndGlobalSection
	GlobalSection(ProjectConfigurationPlatforms) = postSolution
		{7268E20B-A4E9-422F-9C24-078081FFD579}.Debug|Any CPU.ActiveCfg = Debug|Any CPU
		{7268E20B-A4E9-422F-9C24-078081FFD579}.Debug|Any CPU.Build.0 = Debug|Any CPU
		{7268E20B-A4E9-422F-9C24-078081FFD579}.Release|Any CPU.ActiveCfg = Release|Any CPU
		{7268E20B-A4E9-422F-9C24-078081FFD579}.Release|Any CPU.Build.0 = Release|Any CPU
		{E92EB819-E8CD-4CE8-9B8B-BFC2ED9626D8}.Debug|Any CPU.ActiveCfg = Debug|Any CPU
		{E92EB819-E8CD-4CE8-9B8B-BFC2ED9626D8}.Debug|Any CPU.Build.0 = Debug|Any CPU
		{E92EB819-E8CD-4CE8-9B8B-BFC2ED9626D8}.Release|Any CPU.ActiveCfg = Release|Any CPU
		{E92EB819-E8CD-4CE8-9B8B-BFC2ED9626D8}.Release|Any CPU.Build.0 = Release|Any CPU
	EndGlobalSection
	GlobalSection(SolutionProperties) = preSolution
		HideSolutionNode = FALSE
	EndGlobalSection
	GlobalSection(ExtensibilityGlobals) = postSolution
		SolutionGuid = {0CC379B7-F302-4DF3-9F55-2C905927B841}
	EndGlobalSection
EndGlobal
